
Microsoft Visual Studio Solution File, Format Version 12.00
# Visual Studio Version 17
VisualStudioVersion = 17.12.35417.141
MinimumVisualStudioVersion = 10.0.40219.1
Project("{FAE04EC0-301F-11D3-BF4B-00C04F79EFBC}") = "FrontDoor", "FrontDoor\FrontDoor.csproj", "{0D5B047C-610F-4255-88C4-9D1973A75E76}"
EndProject
Project("{FAE04EC0-301F-11D3-BF4B-00C04F79EFBC}") = "Models", "Models\Models.csproj", "{6BC6116E-8F2E-4E3D-B98F-808F865BDAF7}"
EndProject
Project("{FAE04EC0-301F-11D3-BF4B-00C04F79EFBC}") = "Databases", "Database\Databases.csproj", "{F8AE085F-DA39-4CA8-8CF9-FD98D253CF8B}"
	ProjectSection(ProjectDependencies) = postProject
		{6BC6116E-8F2E-4E3D-B98F-808F865BDAF7} = {6BC6116E-8F2E-4E3D-B98F-808F865BDAF7}
	EndProjectSection
EndProject
Project("{2150E333-8FDC-42A3-9474-1A3956D46DE8}") = "Microservices", "Microservices", "{8A4BB3C9-5EAD-43E5-B8C9-9856A66A7A6F}"
EndProject
Project("{2150E333-8FDC-42A3-9474-1A3956D46DE8}") = "Libraries", "Libraries", "{02EA681E-C7D8-13C7-8484-4AC65E1B71E8}"
EndProject
Project("{FAE04EC0-301F-11D3-BF4B-00C04F79EFBC}") = "RabbitService", "RabbitService\RabbitService.csproj", "{8CF785BF-9D06-4D5C-B9F5-477762046BC6}"
EndProject
Global
	GlobalSection(SolutionConfigurationPlatforms) = preSolution
		Debug|Any CPU = Debug|Any CPU
		Release|Any CPU = Release|Any CPU
	EndGlobalSection
	GlobalSection(ProjectConfigurationPlatforms) = postSolution
		{0D5B047C-610F-4255-88C4-9D1973A75E76}.Debug|Any CPU.ActiveCfg = Debug|Any CPU
		{0D5B047C-610F-4255-88C4-9D1973A75E76}.Debug|Any CPU.Build.0 = Debug|Any CPU
		{0D5B047C-610F-4255-88C4-9D1973A75E76}.Release|Any CPU.ActiveCfg = Release|Any CPU
		{0D5B047C-610F-4255-88C4-9D1973A75E76}.Release|Any CPU.Build.0 = Release|Any CPU
		{6BC6116E-8F2E-4E3D-B98F-808F865BDAF7}.Debug|Any CPU.ActiveCfg = Debug|Any CPU
		{6BC6116E-8F2E-4E3D-B98F-808F865BDAF7}.Debug|Any CPU.Build.0 = Debug|Any CPU
		{6BC6116E-8F2E-4E3D-B98F-808F865BDAF7}.Release|Any CPU.ActiveCfg = Release|Any CPU
		{6BC6116E-8F2E-4E3D-B98F-808F865BDAF7}.Release|Any CPU.Build.0 = Release|Any CPU
		{F8AE085F-DA39-4CA8-8CF9-FD98D253CF8B}.Debug|Any CPU.ActiveCfg = Debug|Any CPU
		{F8AE085F-DA39-4CA8-8CF9-FD98D253CF8B}.Debug|Any CPU.Build.0 = Debug|Any CPU
		{F8AE085F-DA39-4CA8-8CF9-FD98D253CF8B}.Release|Any CPU.ActiveCfg = Release|Any CPU
		{F8AE085F-DA39-4CA8-8CF9-FD98D253CF8B}.Release|Any CPU.Build.0 = Release|Any CPU
		{8CF785BF-9D06-4D5C-B9F5-477762046BC6}.Debug|Any CPU.ActiveCfg = Debug|Any CPU
		{8CF785BF-9D06-4D5C-B9F5-477762046BC6}.Debug|Any CPU.Build.0 = Debug|Any CPU
		{8CF785BF-9D06-4D5C-B9F5-477762046BC6}.Release|Any CPU.ActiveCfg = Release|Any CPU
		{8CF785BF-9D06-4D5C-B9F5-477762046BC6}.Release|Any CPU.Build.0 = Release|Any CPU
	EndGlobalSection
	GlobalSection(SolutionProperties) = preSolution
		HideSolutionNode = FALSE
	EndGlobalSection
	GlobalSection(NestedProjects) = preSolution
		{6BC6116E-8F2E-4E3D-B98F-808F865BDAF7} = {02EA681E-C7D8-13C7-8484-4AC65E1B71E8}
		{F8AE085F-DA39-4CA8-8CF9-FD98D253CF8B} = {02EA681E-C7D8-13C7-8484-4AC65E1B71E8}
		{8CF785BF-9D06-4D5C-B9F5-477762046BC6} = {8A4BB3C9-5EAD-43E5-B8C9-9856A66A7A6F}
	EndGlobalSection
	GlobalSection(ExtensibilityGlobals) = postSolution
		SolutionGuid = {49327F85-0B50-41BC-8BEA-22DC60B04CA7}
	EndGlobalSection
EndGlobal
